schema: '2.0'
stages:
  prepare:
    cmd: uv run src/prepare.py
    deps:
    - path: data/
      hash: md5
      md5: 923699be459b5c84a9ea23f915827504.dir
      size: 821056503
      nfiles: 362
    - path: src/prepare.py
      hash: md5
      md5: de9b1bad7263c4c62cf9e6ad2ba75553
      size: 1804
